
Microsoft Visual Studio Solution File, Format Version 12.00
# Visual Studio Version 16
VisualStudioVersion = 16.0.29519.87
MinimumVisualStudioVersion = 10.0.40219.1
Project("{FAE04EC0-301F-11D3-BF4B-00C04F79EFBC}") = "GUI_QuanLyGarage", "frmDangNhap\GUI_QuanLyGarage.csproj", "{80147720-AFC6-4162-9453-10BAE3B887FC}"
EndProject
Project("{FAE04EC0-301F-11D3-BF4B-00C04F79EFBC}") = "BUS_QuanLyGarage", "BUS_QuanLy\BUS_QuanLyGarage.csproj", "{4CD1B0B1-EC45-41F6-B8C1-DF3C8D83E397}"
EndProject
Project("{FAE04EC0-301F-11D3-BF4B-00C04F79EFBC}") = "DAO_QuanLyGarage", "DAO_QuanLy\DAO_QuanLyGarage.csproj", "{5BCFC920-DCF5-48EA-A9D4-6FC2CAE51DFF}"
EndProject
Project("{FAE04EC0-301F-11D3-BF4B-00C04F79EFBC}") = "DTO_QuanLyGarage", "DTO_QuanLyGarage\DTO_QuanLyGarage.csproj", "{8B75E9B3-9ABA-4417-A03C-27B2AAF6364E}"
EndProject
Global
	GlobalSection(SolutionConfigurationPlatforms) = preSolution
		Debug|Any CPU = Debug|Any CPU
		Release|Any CPU = Release|Any CPU
	EndGlobalSection
	GlobalSection(ProjectConfigurationPlatforms) = postSolution
		{80147720-AFC6-4162-9453-10BAE3B887FC}.Debug|Any CPU.ActiveCfg = Debug|Any CPU
		{80147720-AFC6-4162-9453-10BAE3B887FC}.Debug|Any CPU.Build.0 = Debug|Any CPU
		{80147720-AFC6-4162-9453-10BAE3B887FC}.Release|Any CPU.ActiveCfg = Release|Any CPU
		{80147720-AFC6-4162-9453-10BAE3B887FC}.Release|Any CPU.Build.0 = Release|Any CPU
		{4CD1B0B1-EC45-41F6-B8C1-DF3C8D83E397}.Debug|Any CPU.ActiveCfg = Debug|Any CPU
		{4CD1B0B1-EC45-41F6-B8C1-DF3C8D83E397}.Debug|Any CPU.Build.0 = Debug|Any CPU
		{4CD1B0B1-EC45-41F6-B8C1-DF3C8D83E397}.Release|Any CPU.ActiveCfg = Release|Any CPU
		{4CD1B0B1-EC45-41F6-B8C1-DF3C8D83E397}.Release|Any CPU.Build.0 = Release|Any CPU
		{5BCFC920-DCF5-48EA-A9D4-6FC2CAE51DFF}.Debug|Any CPU.ActiveCfg = Debug|Any CPU
		{5BCFC920-DCF5-48EA-A9D4-6FC2CAE51DFF}.Debug|Any CPU.Build.0 = Debug|Any CPU
		{5BCFC920-DCF5-48EA-A9D4-6FC2CAE51DFF}.Release|Any CPU.ActiveCfg = Release|Any CPU
		{5BCFC920-DCF5-48EA-A9D4-6FC2CAE51DFF}.Release|Any CPU.Build.0 = Release|Any CPU
		{8B75E9B3-9ABA-4417-A03C-27B2AAF6364E}.Debug|Any CPU.ActiveCfg = Debug|Any CPU
		{8B75E9B3-9ABA-4417-A03C-27B2AAF6364E}.Debug|Any CPU.Build.0 = Debug|Any CPU
		{8B75E9B3-9ABA-4417-A03C-27B2AAF6364E}.Release|Any CPU.ActiveCfg = Release|Any CPU
		{8B75E9B3-9ABA-4417-A03C-27B2AAF6364E}.Release|Any CPU.Build.0 = Release|Any CPU
	EndGlobalSection
	GlobalSection(SolutionProperties) = preSolution
		HideSolutionNode = FALSE
	EndGlobalSection
	GlobalSection(ExtensibilityGlobals) = postSolution
		SolutionGuid = {479BB800-116A-4EAF-A5F4-2C3C84F0707E}
	EndGlobalSection
EndGlobal
